
Microsoft Visual Studio Solution File, Format Version 12.00
# Visual Studio Version 16
VisualStudioVersion = 16.0.33529.622
MinimumVisualStudioVersion = 10.0.40219.1
Project("{8BC9CEB8-8B4A-11D0-8D11-00A0C91BC942}") = "Mutex In Multithreading", "Mutex In Multithreading.vcxproj", "{EE9A39EE-1308-4FA4-B842-7AAC1B4F3B5D}"
EndProject
Project("{8BC9CEB8-8B4A-11D0-8D11-00A0C91BC942}") = "Copy The Data From One thread to Another", "..\Copy The Data From One thread to Another\Copy The Data From One thread to Another.vcxproj", "{4B446C76-F45E-412A-ADE3-3AE0A6AC7404}"
EndProject
Global
	GlobalSection(SolutionConfigurationPlatforms) = preSolution
		Debug|x64 = Debug|x64
		Debug|x86 = Debug|x86
		Release|x64 = Release|x64
		Release|x86 = Release|x86
	EndGlobalSection
	GlobalSection(ProjectConfigurationPlatforms) = postSolution
		{EE9A39EE-1308-4FA4-B842-7AAC1B4F3B5D}.Debug|x64.ActiveCfg = Debug|x64
		{EE9A39EE-1308-4FA4-B842-7AAC1B4F3B5D}.Debug|x64.Build.0 = Debug|x64
		{EE9A39EE-1308-4FA4-B842-7AAC1B4F3B5D}.Debug|x86.ActiveCfg = Debug|Win32
		{EE9A39EE-1308-4FA4-B842-7AAC1B4F3B5D}.Debug|x86.Build.0 = Debug|Win32
		{EE9A39EE-1308-4FA4-B842-7AAC1B4F3B5D}.Release|x64.ActiveCfg = Release|x64
		{EE9A39EE-1308-4FA4-B842-7AAC1B4F3B5D}.Release|x64.Build.0 = Release|x64
		{EE9A39EE-1308-4FA4-B842-7AAC1B4F3B5D}.Release|x86.ActiveCfg = Release|Win32
		{EE9A39EE-1308-4FA4-B842-7AAC1B4F3B5D}.Release|x86.Build.0 = Release|Win32
		{4B446C76-F45E-412A-ADE3-3AE0A6AC7404}.Debug|x64.ActiveCfg = Debug|x64
		{4B446C76-F45E-412A-ADE3-3AE0A6AC7404}.Debug|x64.Build.0 = Debug|x64
		{4B446C76-F45E-412A-ADE3-3AE0A6AC7404}.Debug|x86.ActiveCfg = Debug|Win32
		{4B446C76-F45E-412A-ADE3-3AE0A6AC7404}.Debug|x86.Build.0 = Debug|Win32
		{4B446C76-F45E-412A-ADE3-3AE0A6AC7404}.Release|x64.ActiveCfg = Release|x64
		{4B446C76-F45E-412A-ADE3-3AE0A6AC7404}.Release|x64.Build.0 = Release|x64
		{4B446C76-F45E-412A-ADE3-3AE0A6AC7404}.Release|x86.ActiveCfg = Release|Win32
		{4B446C76-F45E-412A-ADE3-3AE0A6AC7404}.Release|x86.Build.0 = Release|Win32
	EndGlobalSection
	GlobalSection(SolutionProperties) = preSolution
		HideSolutionNode = FALSE
	EndGlobalSection
	GlobalSection(ExtensibilityGlobals) = postSolution
		SolutionGuid = {15741B1B-3CB7-4A76-93CD-7F4FEE47092C}
	EndGlobalSection
EndGlobal
